
Microsoft Visual Studio Solution File, Format Version 12.00
# Visual Studio Version 17
VisualStudioVersion = 17.0.32112.339
MinimumVisualStudioVersion = 10.0.40219.1
Project("{FAE04EC0-301F-11D3-BF4B-00C04F79EFBC}") = "LeetCode.ConsoleApp", "LeetCode.ConsoleApp\LeetCode.ConsoleApp.csproj", "{288CE207-8990-416D-B7A7-E5E453B9B55B}"
EndProject
Project("{FAE04EC0-301F-11D3-BF4B-00C04F79EFBC}") = "LeetCode.Solves", "LeetCode.Solves\LeetCode.Solves.csproj", "{C2281DE5-30CA-4344-91F9-E0606BF6F931}"
EndProject
Global
	GlobalSection(SolutionConfigurationPlatforms) = preSolution
		Debug|Any CPU = Debug|Any CPU
		Release|Any CPU = Release|Any CPU
	EndGlobalSection
	GlobalSection(ProjectConfigurationPlatforms) = postSolution
		{288CE207-8990-416D-B7A7-E5E453B9B55B}.Debug|Any CPU.ActiveCfg = Debug|Any CPU
		{288CE207-8990-416D-B7A7-E5E453B9B55B}.Debug|Any CPU.Build.0 = Debug|Any CPU
		{288CE207-8990-416D-B7A7-E5E453B9B55B}.Release|Any CPU.ActiveCfg = Release|Any CPU
		{288CE207-8990-416D-B7A7-E5E453B9B55B}.Release|Any CPU.Build.0 = Release|Any CPU
		{C2281DE5-30CA-4344-91F9-E0606BF6F931}.Debug|Any CPU.ActiveCfg = Debug|Any CPU
		{C2281DE5-30CA-4344-91F9-E0606BF6F931}.Debug|Any CPU.Build.0 = Debug|Any CPU
		{C2281DE5-30CA-4344-91F9-E0606BF6F931}.Release|Any CPU.ActiveCfg = Release|Any CPU
		{C2281DE5-30CA-4344-91F9-E0606BF6F931}.Release|Any CPU.Build.0 = Release|Any CPU
	EndGlobalSection
	GlobalSection(SolutionProperties) = preSolution
		HideSolutionNode = FALSE
	EndGlobalSection
	GlobalSection(ExtensibilityGlobals) = postSolution
		SolutionGuid = {AA6FC962-6789-45F1-88B0-444357035783}
	EndGlobalSection
EndGlobal
